
Microsoft Visual Studio Solution File, Format Version 12.00
# Visual Studio 14
VisualStudioVersion = 14.0.25420.1
MinimumVisualStudioVersion = 10.0.40219.1
Project("{FAE04EC0-301F-11D3-BF4B-00C04F79EFBC}") = "Pone", "Pone\Pone.csproj", "{F7AF11BD-21A4-4EAA-9FCF-9E3F5702CB0E}"
EndProject
Project("{FAE04EC0-301F-11D3-BF4B-00C04F79EFBC}") = "CommLibrary", "CommLibrary\CommLibrary.csproj", "{2B47B0D7-612C-4D4C-ABC6-93280D8B3BB7}"
EndProject
Project("{FAE04EC0-301F-11D3-BF4B-00C04F79EFBC}") = "P_Entity", "P_Entity\P_Entity.csproj", "{DEC00F36-B5C7-4C35-94C5-61F35E5E13DD}"
EndProject
Project("{2150E333-8FDC-42A3-9474-1A3956D46DE8}") = "WebFramework", "WebFramework", "{3DC945FB-896B-434F-BC2F-F30461CC32CA}"
EndProject
Project("{FAE04EC0-301F-11D3-BF4B-00C04F79EFBC}") = "WebFramework1", "WebFramework1\WebFramework1.csproj", "{00787E29-06F3-409D-BDAC-BE1597FCB708}"
EndProject
Project("{FAE04EC0-301F-11D3-BF4B-00C04F79EFBC}") = "WebFrameworkBLL", "WebFrameworkBLL\WebFrameworkBLL.csproj", "{1C29241C-A9DD-437C-BEEA-89E8A66A1CCE}"
EndProject
Project("{2150E333-8FDC-42A3-9474-1A3956D46DE8}") = "PoneSystem", "PoneSystem", "{0166C3AC-938D-4CEF-AC60-126A518C01AD}"
EndProject
Project("{2150E333-8FDC-42A3-9474-1A3956D46DE8}") = "ExamSystem", "ExamSystem", "{9AC913CA-DBFD-4B52-B3B2-218CCF2EAEED}"
EndProject
Project("{FAE04EC0-301F-11D3-BF4B-00C04F79EFBC}") = "ExamTeacher", "ExamTeach\ExamTeacher.csproj", "{C367C528-9E2E-4074-9757-655EADD2C24F}"
EndProject
Project("{FAE04EC0-301F-11D3-BF4B-00C04F79EFBC}") = "ExamStudent", "ExamStudent\ExamStudent.csproj", "{6F0CE3A7-4273-40E6-82EF-E0982B3A89E2}"
EndProject
Project("{2150E333-8FDC-42A3-9474-1A3956D46DE8}") = "Code", "Code", "{BBEDFCF6-176D-45BD-8910-D45337A3C1A2}"
EndProject
Project("{FAE04EC0-301F-11D3-BF4B-00C04F79EFBC}") = "Business", "Business\Business.csproj", "{8D41871F-F3E8-4EC8-ACDD-71128EAD7518}"
EndProject
Project("{FAE04EC0-301F-11D3-BF4B-00C04F79EFBC}") = "Viewer", "Viewer\Viewer.csproj", "{9273608A-DE15-4203-9CBA-833A3134FE19}"
EndProject
Project("{FAE04EC0-301F-11D3-BF4B-00C04F79EFBC}") = "ExamManage", "ExamManage\ExamManage.csproj", "{85C5FDF9-8857-47D6-AB71-49BBB48DF3E0}"
EndProject
Project("{2150E333-8FDC-42A3-9474-1A3956D46DE8}") = "TestPro", "TestPro", "{0616B1B3-D2A1-4DEE-92CA-2ACA3F6DBF4E}"
EndProject
Project("{FAE04EC0-301F-11D3-BF4B-00C04F79EFBC}") = "WinOne", "WinOne\WinOne.csproj", "{F894AC02-2AFA-4192-B27B-3F436613E5B2}"
EndProject
Project("{FAE04EC0-301F-11D3-BF4B-00C04F79EFBC}") = "UnitTestProject1", "UnitTestProject1\UnitTestProject1.csproj", "{7E9C51A9-F64D-4D72-B500-D8AE20D29511}"
EndProject
Project("{2150E333-8FDC-42A3-9474-1A3956D46DE8}") = "Shopping", "Shopping", "{2BB9BE41-4807-4E54-AD99-8078DBEDAFCF}"
EndProject
Project("{FAE04EC0-301F-11D3-BF4B-00C04F79EFBC}") = "ShoppingPro1", "ShoppingPro\ShoppingPro1.csproj", "{6CA41A74-E138-4380-8946-BF51B415F149}"
EndProject
Project("{FAE04EC0-301F-11D3-BF4B-00C04F79EFBC}") = "ShoppingPro2", "ShoppingPro2\ShoppingPro2.csproj", "{06B2F29C-6EAD-4E65-A2E7-C35796A98F5F}"
EndProject
Project("{E24C65DC-7377-472B-9ABA-BC803B73C61A}") = "201906270863", "C:\Users\ROG\Downloads\201906270863\", "{0C2F7338-7741-4321-9A0E-E0F9019D8770}"
	ProjectSection(WebsiteProperties) = preProject
		TargetFrameworkMoniker = ".NETFramework,Version%3Dv4.0"
		Debug.AspNetCompiler.VirtualPath = "/localhost_65372"
		Debug.AspNetCompiler.PhysicalPath = "C:\Users\ROG\Downloads\201906270863\"
		Debug.AspNetCompiler.TargetPath = "PrecompiledWeb\localhost_65372\"
		Debug.AspNetCompiler.Updateable = "true"
		Debug.AspNetCompiler.ForceOverwrite = "true"
		Debug.AspNetCompiler.FixedNames = "false"
		Debug.AspNetCompiler.Debug = "True"
		Release.AspNetCompiler.VirtualPath = "/localhost_65372"
		Release.AspNetCompiler.PhysicalPath = "C:\Users\ROG\Downloads\201906270863\"
		Release.AspNetCompiler.TargetPath = "PrecompiledWeb\localhost_65372\"
		Release.AspNetCompiler.Updateable = "true"
		Release.AspNetCompiler.ForceOverwrite = "true"
		Release.AspNetCompiler.FixedNames = "false"
		Release.AspNetCompiler.Debug = "False"
		VWDPort = "65372"
		SlnRelativePath = "C:\Users\ROG\Downloads\201906270863\"
	EndProjectSection
EndProject
Global
	GlobalSection(SolutionConfigurationPlatforms) = preSolution
		Debug|Any CPU = Debug|Any CPU
		Release|Any CPU = Release|Any CPU
	EndGlobalSection
	GlobalSection(ProjectConfigurationPlatforms) = postSolution
		{F7AF11BD-21A4-4EAA-9FCF-9E3F5702CB0E}.Debug|Any CPU.ActiveCfg = Debug|Any CPU
		{F7AF11BD-21A4-4EAA-9FCF-9E3F5702CB0E}.Debug|Any CPU.Build.0 = Debug|Any CPU
		{F7AF11BD-21A4-4EAA-9FCF-9E3F5702CB0E}.Release|Any CPU.ActiveCfg = Release|Any CPU
		{F7AF11BD-21A4-4EAA-9FCF-9E3F5702CB0E}.Release|Any CPU.Build.0 = Release|Any CPU
		{2B47B0D7-612C-4D4C-ABC6-93280D8B3BB7}.Debug|Any CPU.ActiveCfg = Debug|Any CPU
		{2B47B0D7-612C-4D4C-ABC6-93280D8B3BB7}.Debug|Any CPU.Build.0 = Debug|Any CPU
		{2B47B0D7-612C-4D4C-ABC6-93280D8B3BB7}.Release|Any CPU.ActiveCfg = Release|Any CPU
		{2B47B0D7-612C-4D4C-ABC6-93280D8B3BB7}.Release|Any CPU.Build.0 = Release|Any CPU
		{DEC00F36-B5C7-4C35-94C5-61F35E5E13DD}.Debug|Any CPU.ActiveCfg = Debug|Any CPU
		{DEC00F36-B5C7-4C35-94C5-61F35E5E13DD}.Debug|Any CPU.Build.0 = Debug|Any CPU
		{DEC00F36-B5C7-4C35-94C5-61F35E5E13DD}.Release|Any CPU.ActiveCfg = Release|Any CPU
		{DEC00F36-B5C7-4C35-94C5-61F35E5E13DD}.Release|Any CPU.Build.0 = Release|Any CPU
		{00787E29-06F3-409D-BDAC-BE1597FCB708}.Debug|Any CPU.ActiveCfg = Debug|Any CPU
		{00787E29-06F3-409D-BDAC-BE1597FCB708}.Debug|Any CPU.Build.0 = Debug|Any CPU
		{00787E29-06F3-409D-BDAC-BE1597FCB708}.Release|Any CPU.ActiveCfg = Release|Any CPU
		{00787E29-06F3-409D-BDAC-BE1597FCB708}.Release|Any CPU.Build.0 = Release|Any CPU
		{1C29241C-A9DD-437C-BEEA-89E8A66A1CCE}.Debug|Any CPU.ActiveCfg = Debug|Any CPU
		{1C29241C-A9DD-437C-BEEA-89E8A66A1CCE}.Debug|Any CPU.Build.0 = Debug|Any CPU
		{1C29241C-A9DD-437C-BEEA-89E8A66A1CCE}.Release|Any CPU.ActiveCfg = Release|Any CPU
		{1C29241C-A9DD-437C-BEEA-89E8A66A1CCE}.Release|Any CPU.Build.0 = Release|Any CPU
		{C367C528-9E2E-4074-9757-655EADD2C24F}.Debug|Any CPU.ActiveCfg = Debug|Any CPU
		{C367C528-9E2E-4074-9757-655EADD2C24F}.Debug|Any CPU.Build.0 = Debug|Any CPU
		{C367C528-9E2E-4074-9757-655EADD2C24F}.Release|Any CPU.ActiveCfg = Release|Any CPU
		{C367C528-9E2E-4074-9757-655EADD2C24F}.Release|Any CPU.Build.0 = Release|Any CPU
		{6F0CE3A7-4273-40E6-82EF-E0982B3A89E2}.Debug|Any CPU.ActiveCfg = Debug|Any CPU
		{6F0CE3A7-4273-40E6-82EF-E0982B3A89E2}.Debug|Any CPU.Build.0 = Debug|Any CPU
		{6F0CE3A7-4273-40E6-82EF-E0982B3A89E2}.Release|Any CPU.ActiveCfg = Release|Any CPU
		{6F0CE3A7-4273-40E6-82EF-E0982B3A89E2}.Release|Any CPU.Build.0 = Release|Any CPU
		{8D41871F-F3E8-4EC8-ACDD-71128EAD7518}.Debug|Any CPU.ActiveCfg = Debug|Any CPU
		{8D41871F-F3E8-4EC8-ACDD-71128EAD7518}.Debug|Any CPU.Build.0 = Debug|Any CPU
		{8D41871F-F3E8-4EC8-ACDD-71128EAD7518}.Release|Any CPU.ActiveCfg = Release|Any CPU
		{8D41871F-F3E8-4EC8-ACDD-71128EAD7518}.Release|Any CPU.Build.0 = Release|Any CPU
		{9273608A-DE15-4203-9CBA-833A3134FE19}.Debug|Any CPU.ActiveCfg = Debug|Any CPU
		{9273608A-DE15-4203-9CBA-833A3134FE19}.Debug|Any CPU.Build.0 = Debug|Any CPU
		{9273608A-DE15-4203-9CBA-833A3134FE19}.Release|Any CPU.ActiveCfg = Release|Any CPU
		{9273608A-DE15-4203-9CBA-833A3134FE19}.Release|Any CPU.Build.0 = Release|Any CPU
		{85C5FDF9-8857-47D6-AB71-49BBB48DF3E0}.Debug|Any CPU.ActiveCfg = Debug|Any CPU
		{85C5FDF9-8857-47D6-AB71-49BBB48DF3E0}.Debug|Any CPU.Build.0 = Debug|Any CPU
		{85C5FDF9-8857-47D6-AB71-49BBB48DF3E0}.Release|Any CPU.ActiveCfg = Release|Any CPU
		{85C5FDF9-8857-47D6-AB71-49BBB48DF3E0}.Release|Any CPU.Build.0 = Release|Any CPU
		{F894AC02-2AFA-4192-B27B-3F436613E5B2}.Debug|Any CPU.ActiveCfg = Debug|Any CPU
		{F894AC02-2AFA-4192-B27B-3F436613E5B2}.Debug|Any CPU.Build.0 = Debug|Any CPU
		{F894AC02-2AFA-4192-B27B-3F436613E5B2}.Release|Any CPU.ActiveCfg = Release|Any CPU
		{F894AC02-2AFA-4192-B27B-3F436613E5B2}.Release|Any CPU.Build.0 = Release|Any CPU
		{7E9C51A9-F64D-4D72-B500-D8AE20D29511}.Debug|Any CPU.ActiveCfg = Debug|Any CPU
		{7E9C51A9-F64D-4D72-B500-D8AE20D29511}.Debug|Any CPU.Build.0 = Debug|Any CPU
		{7E9C51A9-F64D-4D72-B500-D8AE20D29511}.Release|Any CPU.ActiveCfg = Release|Any CPU
		{7E9C51A9-F64D-4D72-B500-D8AE20D29511}.Release|Any CPU.Build.0 = Release|Any CPU
		{6CA41A74-E138-4380-8946-BF51B415F149}.Debug|Any CPU.ActiveCfg = Debug|Any CPU
		{6CA41A74-E138-4380-8946-BF51B415F149}.Debug|Any CPU.Build.0 = Debug|Any CPU
		{6CA41A74-E138-4380-8946-BF51B415F149}.Release|Any CPU.ActiveCfg = Release|Any CPU
		{6CA41A74-E138-4380-8946-BF51B415F149}.Release|Any CPU.Build.0 = Release|Any CPU
		{06B2F29C-6EAD-4E65-A2E7-C35796A98F5F}.Debug|Any CPU.ActiveCfg = Debug|Any CPU
		{06B2F29C-6EAD-4E65-A2E7-C35796A98F5F}.Debug|Any CPU.Build.0 = Debug|Any CPU
		{06B2F29C-6EAD-4E65-A2E7-C35796A98F5F}.Release|Any CPU.ActiveCfg = Release|Any CPU
		{06B2F29C-6EAD-4E65-A2E7-C35796A98F5F}.Release|Any CPU.Build.0 = Release|Any CPU
		{0C2F7338-7741-4321-9A0E-E0F9019D8770}.Debug|Any CPU.ActiveCfg = Debug|Any CPU
		{0C2F7338-7741-4321-9A0E-E0F9019D8770}.Debug|Any CPU.Build.0 = Debug|Any CPU
		{0C2F7338-7741-4321-9A0E-E0F9019D8770}.Release|Any CPU.ActiveCfg = Debug|Any CPU
		{0C2F7338-7741-4321-9A0E-E0F9019D8770}.Release|Any CPU.Build.0 = Debug|Any CPU
	EndGlobalSection
	GlobalSection(SolutionProperties) = preSolution
		HideSolutionNode = FALSE
	EndGlobalSection
	GlobalSection(NestedProjects) = preSolution
		{F7AF11BD-21A4-4EAA-9FCF-9E3F5702CB0E} = {0166C3AC-938D-4CEF-AC60-126A518C01AD}
		{DEC00F36-B5C7-4C35-94C5-61F35E5E13DD} = {0166C3AC-938D-4CEF-AC60-126A518C01AD}
		{00787E29-06F3-409D-BDAC-BE1597FCB708} = {3DC945FB-896B-434F-BC2F-F30461CC32CA}
		{1C29241C-A9DD-437C-BEEA-89E8A66A1CCE} = {3DC945FB-896B-434F-BC2F-F30461CC32CA}
		{C367C528-9E2E-4074-9757-655EADD2C24F} = {9AC913CA-DBFD-4B52-B3B2-218CCF2EAEED}
		{6F0CE3A7-4273-40E6-82EF-E0982B3A89E2} = {9AC913CA-DBFD-4B52-B3B2-218CCF2EAEED}
		{BBEDFCF6-176D-45BD-8910-D45337A3C1A2} = {9AC913CA-DBFD-4B52-B3B2-218CCF2EAEED}
		{8D41871F-F3E8-4EC8-ACDD-71128EAD7518} = {BBEDFCF6-176D-45BD-8910-D45337A3C1A2}
		{9273608A-DE15-4203-9CBA-833A3134FE19} = {9AC913CA-DBFD-4B52-B3B2-218CCF2EAEED}
		{85C5FDF9-8857-47D6-AB71-49BBB48DF3E0} = {9AC913CA-DBFD-4B52-B3B2-218CCF2EAEED}
		{F894AC02-2AFA-4192-B27B-3F436613E5B2} = {0616B1B3-D2A1-4DEE-92CA-2ACA3F6DBF4E}
		{7E9C51A9-F64D-4D72-B500-D8AE20D29511} = {0616B1B3-D2A1-4DEE-92CA-2ACA3F6DBF4E}
		{6CA41A74-E138-4380-8946-BF51B415F149} = {2BB9BE41-4807-4E54-AD99-8078DBEDAFCF}
		{06B2F29C-6EAD-4E65-A2E7-C35796A98F5F} = {2BB9BE41-4807-4E54-AD99-8078DBEDAFCF}
	EndGlobalSection
EndGlobal
