
Microsoft Visual Studio Solution File, Format Version 12.00
# Visual Studio 14
VisualStudioVersion = 14.0.25420.1
MinimumVisualStudioVersion = 10.0.40219.1
Project("{FAE04EC0-301F-11D3-BF4B-00C04F79EFBC}") = "Pone", "Pone\Pone.csproj", "{F7AF11BD-21A4-4EAA-9FCF-9E3F5702CB0E}"
EndProject
Project("{FAE04EC0-301F-11D3-BF4B-00C04F79EFBC}") = "CommLibrary", "CommLibrary\CommLibrary.csproj", "{2B47B0D7-612C-4D4C-ABC6-93280D8B3BB7}"
EndProject
Project("{FAE04EC0-301F-11D3-BF4B-00C04F79EFBC}") = "P_Entity", "P_Entity\P_Entity.csproj", "{DEC00F36-B5C7-4C35-94C5-61F35E5E13DD}"
EndProject
Project("{2150E333-8FDC-42A3-9474-1A3956D46DE8}") = "WebFramework", "WebFramework", "{3DC945FB-896B-434F-BC2F-F30461CC32CA}"
EndProject
Project("{FAE04EC0-301F-11D3-BF4B-00C04F79EFBC}") = "WebFramework1", "WebFramework1\WebFramework1.csproj", "{00787E29-06F3-409D-BDAC-BE1597FCB708}"
EndProject
Project("{FAE04EC0-301F-11D3-BF4B-00C04F79EFBC}") = "WebFrameworkBLL", "WebFrameworkBLL\WebFrameworkBLL.csproj", "{1C29241C-A9DD-437C-BEEA-89E8A66A1CCE}"
EndProject
Global
	GlobalSection(SolutionConfigurationPlatforms) = preSolution
		Debug|Any CPU = Debug|Any CPU
		Release|Any CPU = Release|Any CPU
	EndGlobalSection
	GlobalSection(ProjectConfigurationPlatforms) = postSolution
		{F7AF11BD-21A4-4EAA-9FCF-9E3F5702CB0E}.Debug|Any CPU.ActiveCfg = Debug|Any CPU
		{F7AF11BD-21A4-4EAA-9FCF-9E3F5702CB0E}.Debug|Any CPU.Build.0 = Debug|Any CPU
		{F7AF11BD-21A4-4EAA-9FCF-9E3F5702CB0E}.Release|Any CPU.ActiveCfg = Release|Any CPU
		{F7AF11BD-21A4-4EAA-9FCF-9E3F5702CB0E}.Release|Any CPU.Build.0 = Release|Any CPU
		{2B47B0D7-612C-4D4C-ABC6-93280D8B3BB7}.Debug|Any CPU.ActiveCfg = Debug|Any CPU
		{2B47B0D7-612C-4D4C-ABC6-93280D8B3BB7}.Debug|Any CPU.Build.0 = Debug|Any CPU
		{2B47B0D7-612C-4D4C-ABC6-93280D8B3BB7}.Release|Any CPU.ActiveCfg = Release|Any CPU
		{2B47B0D7-612C-4D4C-ABC6-93280D8B3BB7}.Release|Any CPU.Build.0 = Release|Any CPU
		{DEC00F36-B5C7-4C35-94C5-61F35E5E13DD}.Debug|Any CPU.ActiveCfg = Debug|Any CPU
		{DEC00F36-B5C7-4C35-94C5-61F35E5E13DD}.Debug|Any CPU.Build.0 = Debug|Any CPU
		{DEC00F36-B5C7-4C35-94C5-61F35E5E13DD}.Release|Any CPU.ActiveCfg = Release|Any CPU
		{DEC00F36-B5C7-4C35-94C5-61F35E5E13DD}.Release|Any CPU.Build.0 = Release|Any CPU
		{00787E29-06F3-409D-BDAC-BE1597FCB708}.Debug|Any CPU.ActiveCfg = Debug|Any CPU
		{00787E29-06F3-409D-BDAC-BE1597FCB708}.Debug|Any CPU.Build.0 = Debug|Any CPU
		{00787E29-06F3-409D-BDAC-BE1597FCB708}.Release|Any CPU.ActiveCfg = Release|Any CPU
		{00787E29-06F3-409D-BDAC-BE1597FCB708}.Release|Any CPU.Build.0 = Release|Any CPU
		{1C29241C-A9DD-437C-BEEA-89E8A66A1CCE}.Debug|Any CPU.ActiveCfg = Debug|Any CPU
		{1C29241C-A9DD-437C-BEEA-89E8A66A1CCE}.Debug|Any CPU.Build.0 = Debug|Any CPU
		{1C29241C-A9DD-437C-BEEA-89E8A66A1CCE}.Release|Any CPU.ActiveCfg = Release|Any CPU
		{1C29241C-A9DD-437C-BEEA-89E8A66A1CCE}.Release|Any CPU.Build.0 = Release|Any CPU
	EndGlobalSection
	GlobalSection(SolutionProperties) = preSolution
		HideSolutionNode = FALSE
	EndGlobalSection
	GlobalSection(NestedProjects) = preSolution
		{00787E29-06F3-409D-BDAC-BE1597FCB708} = {3DC945FB-896B-434F-BC2F-F30461CC32CA}
		{1C29241C-A9DD-437C-BEEA-89E8A66A1CCE} = {3DC945FB-896B-434F-BC2F-F30461CC32CA}
	EndGlobalSection
EndGlobal
